// !$*UTF8*$!
{
	archiveVersion = 1;
	classes = {
	};
	objectVersion = 48;
	objects = {

/* Begin PBXBuildFile section */
		834D58DFAE255FF76AA1961E /* Pods_MovieAppTests.framework in Frameworks */ = {isa = PBXBuildFile; fileRef = 008803872D0D1678A4436D83 /* Pods_MovieAppTests.framework */; };
		B8E9B8E220087F0CB241784A /* Pods_MovieApp.framework in Frameworks */ = {isa = PBXBuildFile; fileRef = F29367115D346029074B69D4 /* Pods_MovieApp.framework */; };
		DF8E4EB4202E58C600B92017 /* AppDelegate.swift in Sources */ = {isa = PBXBuildFile; fileRef = DF8E4EB3202E58C600B92017 /* AppDelegate.swift */; };
		DF8E4EB9202E58C600B92017 /* Main.storyboard in Resources */ = {isa = PBXBuildFile; fileRef = DF8E4EB7202E58C600B92017 /* Main.storyboard */; };
		DF8E4EBB202E58C600B92017 /* Assets.xcassets in Resources */ = {isa = PBXBuildFile; fileRef = DF8E4EBA202E58C600B92017 /* Assets.xcassets */; };
		DF8E4EBE202E58C600B92017 /* LaunchScreen.storyboard in Resources */ = {isa = PBXBuildFile; fileRef = DF8E4EBC202E58C600B92017 /* LaunchScreen.storyboard */; };
		DF8E4EC9202E58C600B92017 /* MovieAppTests.swift in Sources */ = {isa = PBXBuildFile; fileRef = DF8E4EC8202E58C600B92017 /* MovieAppTests.swift */; };
		DF8E4ED4202E5B2600B92017 /* Movie.swift in Sources */ = {isa = PBXBuildFile; fileRef = DF8E4ED3202E5B2600B92017 /* Movie.swift */; };
		DF8E4EDA202E64D700B92017 /* MovieAPI.swift in Sources */ = {isa = PBXBuildFile; fileRef = DF8E4ED9202E64D700B92017 /* MovieAPI.swift */; };
		DF8E4EE420325F7600B92017 /* MovieListViewModel.swift in Sources */ = {isa = PBXBuildFile; fileRef = DF8E4EE320325F7600B92017 /* MovieListViewModel.swift */; };
		DF8E4EE62032606D00B92017 /* MovieListViewController.swift in Sources */ = {isa = PBXBuildFile; fileRef = DF8E4EE52032606D00B92017 /* MovieListViewController.swift */; };
		DF8E4EE920326AA600B92017 /* MovieTableViewCell.swift in Sources */ = {isa = PBXBuildFile; fileRef = DF8E4EE820326AA600B92017 /* MovieTableViewCell.swift */; };
/* End PBXBuildFile section */

/* Begin PBXContainerItemProxy section */
		DF8E4EC5202E58C600B92017 /* PBXContainerItemProxy */ = {
			isa = PBXContainerItemProxy;
			containerPortal = DF8E4EA8202E58C600B92017 /* Project object */;
			proxyType = 1;
			remoteGlobalIDString = DF8E4EAF202E58C600B92017;
			remoteInfo = MovieApp;
		};
/* End PBXContainerItemProxy section */

/* Begin PBXFileReference section */
		008803872D0D1678A4436D83 /* Pods_MovieAppTests.framework */ = {isa = PBXFileReference; explicitFileType = wrapper.framework; includeInIndex = 0; path = Pods_MovieAppTests.framework; sourceTree = BUILT_PRODUCTS_DIR; };
		018D754DBDB628F1D817FF7D /* Pods-MovieAppTests.release.xcconfig */ = {isa = PBXFileReference; includeInIndex = 1; lastKnownFileType = text.xcconfig; name = "Pods-MovieAppTests.release.xcconfig"; path = "Pods/Target Support Files/Pods-MovieAppTests/Pods-MovieAppTests.release.xcconfig"; sourceTree = "<group>"; };
		2B7E32796D51D42AADB7398D /* Pods-MovieApp.debug.xcconfig */ = {isa = PBXFileReference; includeInIndex = 1; lastKnownFileType = text.xcconfig; name = "Pods-MovieApp.debug.xcconfig"; path = "Pods/Target Support Files/Pods-MovieApp/Pods-MovieApp.debug.xcconfig"; sourceTree = "<group>"; };
		3DC70E0B3A4797ACF915D7CA /* Pods-MovieApp.release.xcconfig */ = {isa = PBXFileReference; includeInIndex = 1; lastKnownFileType = text.xcconfig; name = "Pods-MovieApp.release.xcconfig"; path = "Pods/Target Support Files/Pods-MovieApp/Pods-MovieApp.release.xcconfig"; sourceTree = "<group>"; };
		6D0FAAB40FDE94A8FB8D75F2 /* Pods-MovieAppTests.debug.xcconfig */ = {isa = PBXFileReference; includeInIndex = 1; lastKnownFileType = text.xcconfig; name = "Pods-MovieAppTests.debug.xcconfig"; path = "Pods/Target Support Files/Pods-MovieAppTests/Pods-MovieAppTests.debug.xcconfig"; sourceTree = "<group>"; };
		DF8E4EB0202E58C600B92017 /* MovieApp.app */ = {isa = PBXFileReference; explicitFileType = wrapper.application; includeInIndex = 0; path = MovieApp.app; sourceTree = BUILT_PRODUCTS_DIR; };
		DF8E4EB3202E58C600B92017 /* AppDelegate.swift */ = {isa = PBXFileReference; lastKnownFileType = sourcecode.swift; path = AppDelegate.swift; sourceTree = "<group>"; };
		DF8E4EB8202E58C600B92017 /* Base */ = {isa = PBXFileReference; lastKnownFileType = file.storyboard; name = Base; path = Base.lproj/Main.storyboard; sourceTree = "<group>"; };
		DF8E4EBA202E58C600B92017 /* Assets.xcassets */ = {isa = PBXFileReference; lastKnownFileType = folder.assetcatalog; path = Assets.xcassets; sourceTree = "<group>"; };
		DF8E4EBD202E58C600B92017 /* Base */ = {isa = PBXFileReference; lastKnownFileType = file.storyboard; name = Base; path = Base.lproj/LaunchScreen.storyboard; sourceTree = "<group>"; };
		DF8E4EBF202E58C600B92017 /* Info.plist */ = {isa = PBXFileReference; lastKnownFileType = text.plist.xml; path = Info.plist; sourceTree = "<group>"; };
		DF8E4EC4202E58C600B92017 /* MovieAppTests.xctest */ = {isa = PBXFileReference; explicitFileType = wrapper.cfbundle; includeInIndex = 0; path = MovieAppTests.xctest; sourceTree = BUILT_PRODUCTS_DIR; };
		DF8E4EC8202E58C600B92017 /* MovieAppTests.swift */ = {isa = PBXFileReference; lastKnownFileType = sourcecode.swift; path = MovieAppTests.swift; sourceTree = "<group>"; };
		DF8E4ECA202E58C600B92017 /* Info.plist */ = {isa = PBXFileReference; lastKnownFileType = text.plist.xml; path = Info.plist; sourceTree = "<group>"; };
		DF8E4ED3202E5B2600B92017 /* Movie.swift */ = {isa = PBXFileReference; lastKnownFileType = sourcecode.swift; path = Movie.swift; sourceTree = "<group>"; };
		DF8E4ED9202E64D700B92017 /* MovieAPI.swift */ = {isa = PBXFileReference; lastKnownFileType = sourcecode.swift; path = MovieAPI.swift; sourceTree = "<group>"; };
		DF8E4EE320325F7600B92017 /* MovieListViewModel.swift */ = {isa = PBXFileReference; lastKnownFileType = sourcecode.swift; path = MovieListViewModel.swift; sourceTree = "<group>"; };
		DF8E4EE52032606D00B92017 /* MovieListViewController.swift */ = {isa = PBXFileReference; lastKnownFileType = sourcecode.swift; path = MovieListViewController.swift; sourceTree = "<group>"; };
		DF8E4EE820326AA600B92017 /* MovieTableViewCell.swift */ = {isa = PBXFileReference; lastKnownFileType = sourcecode.swift; path = MovieTableViewCell.swift; sourceTree = "<group>"; };
		F29367115D346029074B69D4 /* Pods_MovieApp.framework */ = {isa = PBXFileReference; explicitFileType = wrapper.framework; includeInIndex = 0; path = Pods_MovieApp.framework; sourceTree = BUILT_PRODUCTS_DIR; };
/* End PBXFileReference section */

/* Begin PBXFrameworksBuildPhase section */
		DF8E4EAD202E58C600B92017 /* Frameworks */ = {
			isa = PBXFrameworksBuildPhase;
			buildActionMask = 2147483647;
			files = (
				B8E9B8E220087F0CB241784A /* Pods_MovieApp.framework in Frameworks */,
			);
			runOnlyForDeploymentPostprocessing = 0;
		};
		DF8E4EC1202E58C600B92017 /* Frameworks */ = {
			isa = PBXFrameworksBuildPhase;
			buildActionMask = 2147483647;
			files = (
				834D58DFAE255FF76AA1961E /* Pods_MovieAppTests.framework in Frameworks */,
			);
			runOnlyForDeploymentPostprocessing = 0;
		};
/* End PBXFrameworksBuildPhase section */

/* Begin PBXGroup section */
		54A8C4B2F9D84E2A28C6341E /* Frameworks */ = {
			isa = PBXGroup;
			children = (
				F29367115D346029074B69D4 /* Pods_MovieApp.framework */,
				008803872D0D1678A4436D83 /* Pods_MovieAppTests.framework */,
			);
			name = Frameworks;
			sourceTree = "<group>";
		};
		673F8413EC2CE16E8FAA17B5 /* Pods */ = {
			isa = PBXGroup;
			children = (
				2B7E32796D51D42AADB7398D /* Pods-MovieApp.debug.xcconfig */,
				3DC70E0B3A4797ACF915D7CA /* Pods-MovieApp.release.xcconfig */,
				6D0FAAB40FDE94A8FB8D75F2 /* Pods-MovieAppTests.debug.xcconfig */,
				018D754DBDB628F1D817FF7D /* Pods-MovieAppTests.release.xcconfig */,
			);
			name = Pods;
			sourceTree = "<group>";
		};
		DF8E4EA7202E58C600B92017 = {
			isa = PBXGroup;
			children = (
				DF8E4EB2202E58C600B92017 /* MovieApp */,
				DF8E4EC7202E58C600B92017 /* MovieAppTests */,
				DF8E4EB1202E58C600B92017 /* Products */,
				673F8413EC2CE16E8FAA17B5 /* Pods */,
				54A8C4B2F9D84E2A28C6341E /* Frameworks */,
			);
			sourceTree = "<group>";
		};
		DF8E4EB1202E58C600B92017 /* Products */ = {
			isa = PBXGroup;
			children = (
				DF8E4EB0202E58C600B92017 /* MovieApp.app */,
				DF8E4EC4202E58C600B92017 /* MovieAppTests.xctest */,
			);
			name = Products;
			sourceTree = "<group>";
		};
		DF8E4EB2202E58C600B92017 /* MovieApp */ = {
			isa = PBXGroup;
			children = (
				DF8E4EE720326A8800B92017 /* View */,
				DF8E4EE02032513100B92017 /* View Model */,
				DF8E4EDD20324E8100B92017 /* View Controller */,
				DF8E4ED8202E64B600B92017 /* API */,
				DF8E4ED7202E641C00B92017 /* Model */,
				DF8E4EB3202E58C600B92017 /* AppDelegate.swift */,
				DF8E4EB7202E58C600B92017 /* Main.storyboard */,
				DF8E4EBA202E58C600B92017 /* Assets.xcassets */,
				DF8E4EBC202E58C600B92017 /* LaunchScreen.storyboard */,
				DF8E4EBF202E58C600B92017 /* Info.plist */,
			);
			path = MovieApp;
			sourceTree = "<group>";
		};
		DF8E4EC7202E58C600B92017 /* MovieAppTests */ = {
			isa = PBXGroup;
			children = (
				DF8E4EC8202E58C600B92017 /* MovieAppTests.swift */,
				DF8E4ECA202E58C600B92017 /* Info.plist */,
			);
			path = MovieAppTests;
			sourceTree = "<group>";
		};
		DF8E4ED7202E641C00B92017 /* Model */ = {
			isa = PBXGroup;
			children = (
				DF8E4ED3202E5B2600B92017 /* Movie.swift */,
			);
			path = Model;
			sourceTree = "<group>";
		};
		DF8E4ED8202E64B600B92017 /* API */ = {
			isa = PBXGroup;
			children = (
				DF8E4ED9202E64D700B92017 /* MovieAPI.swift */,
			);
			path = API;
			sourceTree = "<group>";
		};
		DF8E4EDD20324E8100B92017 /* View Controller */ = {
			isa = PBXGroup;
			children = (
				DF8E4EE52032606D00B92017 /* MovieListViewController.swift */,
			);
			path = "View Controller";
			sourceTree = "<group>";
		};
		DF8E4EE02032513100B92017 /* View Model */ = {
			isa = PBXGroup;
			children = (
				DF8E4EE320325F7600B92017 /* MovieListViewModel.swift */,
			);
			path = "View Model";
			sourceTree = "<group>";
		};
		DF8E4EE720326A8800B92017 /* View */ = {
			isa = PBXGroup;
			children = (
				DF8E4EE820326AA600B92017 /* MovieTableViewCell.swift */,
			);
			path = View;
			sourceTree = "<group>";
		};
/* End PBXGroup section */

/* Begin PBXNativeTarget section */
		DF8E4EAF202E58C600B92017 /* MovieApp */ = {
			isa = PBXNativeTarget;
			buildConfigurationList = DF8E4ECD202E58C600B92017 /* Build configuration list for PBXNativeTarget "MovieApp" */;
			buildPhases = (
				AA22E89CB672B343E7DAB553 /* [CP] Check Pods Manifest.lock */,
				DF8E4EAC202E58C600B92017 /* Sources */,
				DF8E4EAD202E58C600B92017 /* Frameworks */,
				DF8E4EAE202E58C600B92017 /* Resources */,
				B6F8BDC28870495477BFEFB4 /* [CP] Embed Pods Frameworks */,
				D1C2CF56883B676D2A49A81D /* [CP] Copy Pods Resources */,
			);
			buildRules = (
			);
			dependencies = (
			);
			name = MovieApp;
			productName = MovieApp;
			productReference = DF8E4EB0202E58C600B92017 /* MovieApp.app */;
			productType = "com.apple.product-type.application";
		};
		DF8E4EC3202E58C600B92017 /* MovieAppTests */ = {
			isa = PBXNativeTarget;
			buildConfigurationList = DF8E4ED0202E58C600B92017 /* Build configuration list for PBXNativeTarget "MovieAppTests" */;
			buildPhases = (
				347D9FC8275F5AF57B8B9144 /* [CP] Check Pods Manifest.lock */,
				DF8E4EC0202E58C600B92017 /* Sources */,
				DF8E4EC1202E58C600B92017 /* Frameworks */,
				DF8E4EC2202E58C600B92017 /* Resources */,
				CA7819BB132986725B8986DF /* [CP] Embed Pods Frameworks */,
				060A57E34FD824E975286768 /* [CP] Copy Pods Resources */,
			);
			buildRules = (
			);
			dependencies = (
				DF8E4EC6202E58C600B92017 /* PBXTargetDependency */,
			);
			name = MovieAppTests;
			productName = MovieAppTests;
			productReference = DF8E4EC4202E58C600B92017 /* MovieAppTests.xctest */;
			productType = "com.apple.product-type.bundle.unit-test";
		};
/* End PBXNativeTarget section */

/* Begin PBXProject section */
		DF8E4EA8202E58C600B92017 /* Project object */ = {
			isa = PBXProject;
			attributes = {
				LastSwiftUpdateCheck = 0920;
				LastUpgradeCheck = 0920;
				ORGANIZATIONNAME = "Diana Fisher";
				TargetAttributes = {
					DF8E4EAF202E58C600B92017 = {
						CreatedOnToolsVersion = 9.2;
						ProvisioningStyle = Automatic;
					};
					DF8E4EC3202E58C600B92017 = {
						CreatedOnToolsVersion = 9.2;
						ProvisioningStyle = Automatic;
						TestTargetID = DF8E4EAF202E58C600B92017;
					};
				};
			};
			buildConfigurationList = DF8E4EAB202E58C600B92017 /* Build configuration list for PBXProject "MovieApp" */;
			compatibilityVersion = "Xcode 8.0";
			developmentRegion = en;
			hasScannedForEncodings = 0;
			knownRegions = (
				en,
				Base,
			);
			mainGroup = DF8E4EA7202E58C600B92017;
			productRefGroup = DF8E4EB1202E58C600B92017 /* Products */;
			projectDirPath = "";
			projectRoot = "";
			targets = (
				DF8E4EAF202E58C600B92017 /* MovieApp */,
				DF8E4EC3202E58C600B92017 /* MovieAppTests */,
			);
		};
/* End PBXProject section */

/* Begin PBXResourcesBuildPhase section */
		DF8E4EAE202E58C600B92017 /* Resources */ = {
			isa = PBXResourcesBuildPhase;
			buildActionMask = 2147483647;
			files = (
				DF8E4EBE202E58C600B92017 /* LaunchScreen.storyboard in Resources */,
				DF8E4EBB202E58C600B92017 /* Assets.xcassets in Resources */,
				DF8E4EB9202E58C600B92017 /* Main.storyboard in Resources */,
			);
			runOnlyForDeploymentPostprocessing = 0;
		};
		DF8E4EC2202E58C600B92017 /* Resources */ = {
			isa = PBXResourcesBuildPhase;
			buildActionMask = 2147483647;
			files = (
			);
			runOnlyForDeploymentPostprocessing = 0;
		};
/* End PBXResourcesBuildPhase section */

/* Begin PBXShellScriptBuildPhase section */
		060A57E34FD824E975286768 /* [CP] Copy Pods Resources */ = {
			isa = PBXShellScriptBuildPhase;
			buildActionMask = 2147483647;
			files = (
			);
			inputPaths = (
			);
			name = "[CP] Copy Pods Resources";
			outputPaths = (
			);
			runOnlyForDeploymentPostprocessing = 0;
			shellPath = /bin/sh;
			shellScript = "\"${SRCROOT}/Pods/Target Support Files/Pods-MovieAppTests/Pods-MovieAppTests-resources.sh\"\n";
			showEnvVarsInLog = 0;
		};
		347D9FC8275F5AF57B8B9144 /* [CP] Check Pods Manifest.lock */ = {
			isa = PBXShellScriptBuildPhase;
			buildActionMask = 2147483647;
			files = (
			);
			inputPaths = (
				"${PODS_PODFILE_DIR_PATH}/Podfile.lock",
				"${PODS_ROOT}/Manifest.lock",
			);
			name = "[CP] Check Pods Manifest.lock";
			outputPaths = (
				"$(DERIVED_FILE_DIR)/Pods-MovieAppTests-checkManifestLockResult.txt",
			);
			runOnlyForDeploymentPostprocessing = 0;
			shellPath = /bin/sh;
			shellScript = "diff \"${PODS_PODFILE_DIR_PATH}/Podfile.lock\" \"${PODS_ROOT}/Manifest.lock\" > /dev/null\nif [ $? != 0 ] ; then\n    # print error to STDERR\n    echo \"error: The sandbox is not in sync with the Podfile.lock. Run 'pod install' or update your CocoaPods installation.\" >&2\n    exit 1\nfi\n# This output is used by Xcode 'outputs' to avoid re-running this script phase.\necho \"SUCCESS\" > \"${SCRIPT_OUTPUT_FILE_0}\"\n";
			showEnvVarsInLog = 0;
		};
		AA22E89CB672B343E7DAB553 /* [CP] Check Pods Manifest.lock */ = {
			isa = PBXShellScriptBuildPhase;
			buildActionMask = 2147483647;
			files = (
			);
			inputPaths = (
				"${PODS_PODFILE_DIR_PATH}/Podfile.lock",
				"${PODS_ROOT}/Manifest.lock",
			);
			name = "[CP] Check Pods Manifest.lock";
			outputPaths = (
				"$(DERIVED_FILE_DIR)/Pods-MovieApp-checkManifestLockResult.txt",
			);
			runOnlyForDeploymentPostprocessing = 0;
			shellPath = /bin/sh;
			shellScript = "diff \"${PODS_PODFILE_DIR_PATH}/Podfile.lock\" \"${PODS_ROOT}/Manifest.lock\" > /dev/null\nif [ $? != 0 ] ; then\n    # print error to STDERR\n    echo \"error: The sandbox is not in sync with the Podfile.lock. Run 'pod install' or update your CocoaPods installation.\" >&2\n    exit 1\nfi\n# This output is used by Xcode 'outputs' to avoid re-running this script phase.\necho \"SUCCESS\" > \"${SCRIPT_OUTPUT_FILE_0}\"\n";
			showEnvVarsInLog = 0;
		};
		B6F8BDC28870495477BFEFB4 /* [CP] Embed Pods Frameworks */ = {
			isa = PBXShellScriptBuildPhase;
			buildActionMask = 2147483647;
			files = (
			);
			inputPaths = (
				"${SRCROOT}/Pods/Target Support Files/Pods-MovieApp/Pods-MovieApp-frameworks.sh",
				"${BUILT_PRODUCTS_DIR}/AFNetworking/AFNetworking.framework",
				"${BUILT_PRODUCTS_DIR}/ModelMapper/Mapper.framework",
			);
			name = "[CP] Embed Pods Frameworks";
			outputPaths = (
				"${TARGET_BUILD_DIR}/${FRAMEWORKS_FOLDER_PATH}/AFNetworking.framework",
				"${TARGET_BUILD_DIR}/${FRAMEWORKS_FOLDER_PATH}/Mapper.framework",
			);
			runOnlyForDeploymentPostprocessing = 0;
			shellPath = /bin/sh;
			shellScript = "\"${SRCROOT}/Pods/Target Support Files/Pods-MovieApp/Pods-MovieApp-frameworks.sh\"\n";
			showEnvVarsInLog = 0;
		};
		CA7819BB132986725B8986DF /* [CP] Embed Pods Frameworks */ = {
			isa = PBXShellScriptBuildPhase;
			buildActionMask = 2147483647;
			files = (
			);
			inputPaths = (
			);
			name = "[CP] Embed Pods Frameworks";
			outputPaths = (
			);
			runOnlyForDeploymentPostprocessing = 0;
			shellPath = /bin/sh;
			shellScript = "\"${SRCROOT}/Pods/Target Support Files/Pods-MovieAppTests/Pods-MovieAppTests-frameworks.sh\"\n";
			showEnvVarsInLog = 0;
		};
		D1C2CF56883B676D2A49A81D /* [CP] Copy Pods Resources */ = {
			isa = PBXShellScriptBuildPhase;
			buildActionMask = 2147483647;
			files = (
			);
			inputPaths = (
			);
			name = "[CP] Copy Pods Resources";
			outputPaths = (
			);
			runOnlyForDeploymentPostprocessing = 0;
			shellPath = /bin/sh;
			shellScript = "\"${SRCROOT}/Pods/Target Support Files/Pods-MovieApp/Pods-MovieApp-resources.sh\"\n";
			showEnvVarsInLog = 0;
		};
/* End PBXShellScriptBuildPhase section */

/* Begin PBXSourcesBuildPhase section */
		DF8E4EAC202E58C600B92017 /* Sources */ = {
			isa = PBXSourcesBuildPhase;
			buildActionMask = 2147483647;
			files = (
				DF8E4EB4202E58C600B92017 /* AppDelegate.swift in Sources */,
				DF8E4ED4202E5B2600B92017 /* Movie.swift in Sources */,
				DF8E4EE920326AA600B92017 /* MovieTableViewCell.swift in Sources */,
				DF8E4EE62032606D00B92017 /* MovieListViewController.swift in Sources */,
				DF8E4EDA202E64D700B92017 /* MovieAPI.swift in Sources */,
				DF8E4EE420325F7600B92017 /* MovieListViewModel.swift in Sources */,
			);
			runOnlyForDeploymentPostprocessing = 0;
		};
		DF8E4EC0202E58C600B92017 /* Sources */ = {
			isa = PBXSourcesBuildPhase;
			buildActionMask = 2147483647;
			files = (
				DF8E4EC9202E58C600B92017 /* MovieAppTests.swift in Sources */,
			);
			runOnlyForDeploymentPostprocessing = 0;
		};
/* End PBXSourcesBuildPhase section */

/* Begin PBXTargetDependency section */
		DF8E4EC6202E58C600B92017 /* PBXTargetDependency */ = {
			isa = PBXTargetDependency;
			target = DF8E4EAF202E58C600B92017 /* MovieApp */;
			targetProxy = DF8E4EC5202E58C600B92017 /* PBXContainerItemProxy */;
		};
/* End PBXTargetDependency section */

/* Begin PBXVariantGroup section */
		DF8E4EB7202E58C600B92017 /* Main.storyboard */ = {
			isa = PBXVariantGroup;
			children = (
				DF8E4EB8202E58C600B92017 /* Base */,
			);
			name = Main.storyboard;
			sourceTree = "<group>";
		};
		DF8E4EBC202E58C600B92017 /* LaunchScreen.storyboard */ = {
			isa = PBXVariantGroup;
			children = (
				DF8E4EBD202E58C600B92017 /* Base */,
			);
			name = LaunchScreen.storyboard;
			sourceTree = "<group>";
		};
/* End PBXVariantGroup section */

/* Begin XCBuildConfiguration section */
		DF8E4ECB202E58C600B92017 /* Debug */ = {
			isa = XCBuildConfiguration;
			buildSettings = {
				ALWAYS_SEARCH_USER_PATHS = NO;
				CLANG_ANALYZER_NONNULL = YES;
				CLANG_ANALYZER_NUMBER_OBJECT_CONVERSION = YES_AGGRESSIVE;
				CLANG_CXX_LANGUAGE_STANDARD = "gnu++14";
				CLANG_CXX_LIBRARY = "libc++";
				CLANG_ENABLE_MODULES = YES;
				CLANG_ENABLE_OBJC_ARC = YES;
				CLANG_WARN_BLOCK_CAPTURE_AUTORELEASING = YES;
				CLANG_WARN_BOOL_CONVERSION = YES;
				CLANG_WARN_COMMA = YES;
				CLANG_WARN_CONSTANT_CONVERSION = YES;
				CLANG_WARN_DIRECT_OBJC_ISA_USAGE = YES_ERROR;
				CLANG_WARN_DOCUMENTATION_COMMENTS = YES;
				CLANG_WARN_EMPTY_BODY = YES;
				CLANG_WARN_ENUM_CONVERSION = YES;
				CLANG_WARN_INFINITE_RECURSION = YES;
				CLANG_WARN_INT_CONVERSION = YES;
				CLANG_WARN_NON_LITERAL_NULL_CONVERSION = YES;
				CLANG_WARN_OBJC_LITERAL_CONVERSION = YES;
				CLANG_WARN_OBJC_ROOT_CLASS = YES_ERROR;
				CLANG_WARN_RANGE_LOOP_ANALYSIS = YES;
				CLANG_WARN_STRICT_PROTOTYPES = YES;
				CLANG_WARN_SUSPICIOUS_MOVE = YES;
				CLANG_WARN_UNGUARDED_AVAILABILITY = YES_AGGRESSIVE;
				CLANG_WARN_UNREACHABLE_CODE = YES;
				CLANG_WARN__DUPLICATE_METHOD_MATCH = YES;
				CODE_SIGN_IDENTITY = "iPhone Developer";
				COPY_PHASE_STRIP = NO;
				DEBUG_INFORMATION_FORMAT = dwarf;
				ENABLE_STRICT_OBJC_MSGSEND = YES;
				ENABLE_TESTABILITY = YES;
				GCC_C_LANGUAGE_STANDARD = gnu11;
				GCC_DYNAMIC_NO_PIC = NO;
				GCC_NO_COMMON_BLOCKS = YES;
				GCC_OPTIMIZATION_LEVEL = 0;
				GCC_PREPROCESSOR_DEFINITIONS = (
					"DEBUG=1",
					"$(inherited)",
				);
				GCC_WARN_64_TO_32_BIT_CONVERSION = YES;
				GCC_WARN_ABOUT_RETURN_TYPE = YES_ERROR;
				GCC_WARN_UNDECLARED_SELECTOR = YES;
				GCC_WARN_UNINITIALIZED_AUTOS = YES_AGGRESSIVE;
				GCC_WARN_UNUSED_FUNCTION = YES;
				GCC_WARN_UNUSED_VARIABLE = YES;
				IPHONEOS_DEPLOYMENT_TARGET = 11.2;
				MTL_ENABLE_DEBUG_INFO = YES;
				ONLY_ACTIVE_ARCH = YES;
				SDKROOT = iphoneos;
				SWIFT_ACTIVE_COMPILATION_CONDITIONS = DEBUG;
				SWIFT_OPTIMIZATION_LEVEL = "-Onone";
			};
			name = Debug;
		};
		DF8E4ECC202E58C600B92017 /* Release */ = {
			isa = XCBuildConfiguration;
			buildSettings = {
				ALWAYS_SEARCH_USER_PATHS = NO;
				CLANG_ANALYZER_NONNULL = YES;
				CLANG_ANALYZER_NUMBER_OBJECT_CONVERSION = YES_AGGRESSIVE;
				CLANG_CXX_LANGUAGE_STANDARD = "gnu++14";
				CLANG_CXX_LIBRARY = "libc++";
				CLANG_ENABLE_MODULES = YES;
				CLANG_ENABLE_OBJC_ARC = YES;
				CLANG_WARN_BLOCK_CAPTURE_AUTORELEASING = YES;
				CLANG_WARN_BOOL_CONVERSION = YES;
				CLANG_WARN_COMMA = YES;
				CLANG_WARN_CONSTANT_CONVERSION = YES;
				CLANG_WARN_DIRECT_OBJC_ISA_USAGE = YES_ERROR;
				CLANG_WARN_DOCUMENTATION_COMMENTS = YES;
				CLANG_WARN_EMPTY_BODY = YES;
				CLANG_WARN_ENUM_CONVERSION = YES;
				CLANG_WARN_INFINITE_RECURSION = YES;
				CLANG_WARN_INT_CONVERSION = YES;
				CLANG_WARN_NON_LITERAL_NULL_CONVERSION = YES;
				CLANG_WARN_OBJC_LITERAL_CONVERSION = YES;
				CLANG_WARN_OBJC_ROOT_CLASS = YES_ERROR;
				CLANG_WARN_RANGE_LOOP_ANALYSIS = YES;
				CLANG_WARN_STRICT_PROTOTYPES = YES;
				CLANG_WARN_SUSPICIOUS_MOVE = YES;
				CLANG_WARN_UNGUARDED_AVAILABILITY = YES_AGGRESSIVE;
				CLANG_WARN_UNREACHABLE_CODE = YES;
				CLANG_WARN__DUPLICATE_METHOD_MATCH = YES;
				CODE_SIGN_IDENTITY = "iPhone Developer";
				COPY_PHASE_STRIP = NO;
				DEBUG_INFORMATION_FORMAT = "dwarf-with-dsym";
				ENABLE_NS_ASSERTIONS = NO;
				ENABLE_STRICT_OBJC_MSGSEND = YES;
				GCC_C_LANGUAGE_STANDARD = gnu11;
				GCC_NO_COMMON_BLOCKS = YES;
				GCC_WARN_64_TO_32_BIT_CONVERSION = YES;
				GCC_WARN_ABOUT_RETURN_TYPE = YES_ERROR;
				GCC_WARN_UNDECLARED_SELECTOR = YES;
				GCC_WARN_UNINITIALIZED_AUTOS = YES_AGGRESSIVE;
				GCC_WARN_UNUSED_FUNCTION = YES;
				GCC_WARN_UNUSED_VARIABLE = YES;
				IPHONEOS_DEPLOYMENT_TARGET = 11.2;
				MTL_ENABLE_DEBUG_INFO = NO;
				SDKROOT = iphoneos;
				SWIFT_OPTIMIZATION_LEVEL = "-Owholemodule";
				VALIDATE_PRODUCT = YES;
			};
			name = Release;
		};
		DF8E4ECE202E58C600B92017 /* Debug */ = {
			isa = XCBuildConfiguration;
			baseConfigurationReference = 2B7E32796D51D42AADB7398D /* Pods-MovieApp.debug.xcconfig */;
			buildSettings = {
				ASSETCATALOG_COMPILER_APPICON_NAME = AppIcon;
				CODE_SIGN_STYLE = Automatic;
				DEVELOPMENT_TEAM = 8F2PWFTJG8;
				INFOPLIST_FILE = MovieApp/Info.plist;
				LD_RUNPATH_SEARCH_PATHS = "$(inherited) @executable_path/Frameworks";
				PRODUCT_BUNDLE_IDENTIFIER = "com.diana-fisher.MovieApp";
				PRODUCT_NAME = "$(TARGET_NAME)";
				SWIFT_VERSION = 4.0;
				TARGETED_DEVICE_FAMILY = "1,2";
			};
			name = Debug;
		};
		DF8E4ECF202E58C600B92017 /* Release */ = {
			isa = XCBuildConfiguration;
			baseConfigurationReference = 3DC70E0B3A4797ACF915D7CA /* Pods-MovieApp.release.xcconfig */;
			buildSettings = {
				ASSETCATALOG_COMPILER_APPICON_NAME = AppIcon;
				CODE_SIGN_STYLE = Automatic;
				DEVELOPMENT_TEAM = 8F2PWFTJG8;
				INFOPLIST_FILE = MovieApp/Info.plist;
				LD_RUNPATH_SEARCH_PATHS = "$(inherited) @executable_path/Frameworks";
				PRODUCT_BUNDLE_IDENTIFIER = "com.diana-fisher.MovieApp";
				PRODUCT_NAME = "$(TARGET_NAME)";
				SWIFT_VERSION = 4.0;
				TARGETED_DEVICE_FAMILY = "1,2";
			};
			name = Release;
		};
		DF8E4ED1202E58C600B92017 /* Debug */ = {
			isa = XCBuildConfiguration;
			baseConfigurationReference = 6D0FAAB40FDE94A8FB8D75F2 /* Pods-MovieAppTests.debug.xcconfig */;
			buildSettings = {
				ALWAYS_EMBED_SWIFT_STANDARD_LIBRARIES = YES;
				BUNDLE_LOADER = "$(TEST_HOST)";
				CODE_SIGN_STYLE = Automatic;
				DEVELOPMENT_TEAM = 8F2PWFTJG8;
				INFOPLIST_FILE = MovieAppTests/Info.plist;
				LD_RUNPATH_SEARCH_PATHS = "$(inherited) @executable_path/Frameworks @loader_path/Frameworks";
				PRODUCT_BUNDLE_IDENTIFIER = "com.diana-fisher.MovieAppTests";
				PRODUCT_NAME = "$(TARGET_NAME)";
				SWIFT_VERSION = 4.0;
				TARGETED_DEVICE_FAMILY = "1,2";
				TEST_HOST = "$(BUILT_PRODUCTS_DIR)/MovieApp.app/MovieApp";
			};
			name = Debug;
		};
		DF8E4ED2202E58C600B92017 /* Release */ = {
			isa = XCBuildConfiguration;
			baseConfigurationReference = 018D754DBDB628F1D817FF7D /* Pods-MovieAppTests.release.xcconfig */;
			buildSettings = {
				ALWAYS_EMBED_SWIFT_STANDARD_LIBRARIES = YES;
				BUNDLE_LOADER = "$(TEST_HOST)";
				CODE_SIGN_STYLE = Automatic;
				DEVELOPMENT_TEAM = 8F2PWFTJG8;
				INFOPLIST_FILE = MovieAppTests/Info.plist;
				LD_RUNPATH_SEARCH_PATHS = "$(inherited) @executable_path/Frameworks @loader_path/Frameworks";
				PRODUCT_BUNDLE_IDENTIFIER = "com.diana-fisher.MovieAppTests";
				PRODUCT_NAME = "$(TARGET_NAME)";
				SWIFT_VERSION = 4.0;
				TARGETED_DEVICE_FAMILY = "1,2";
				TEST_HOST = "$(BUILT_PRODUCTS_DIR)/MovieApp.app/MovieApp";
			};
			name = Release;
		};
/* End XCBuildConfiguration section */

/* Begin XCConfigurationList section */
		DF8E4EAB202E58C600B92017 /* Build configuration list for PBXProject "MovieApp" */ = {
			isa = XCConfigurationList;
			buildConfigurations = (
				DF8E4ECB202E58C600B92017 /* Debug */,
				DF8E4ECC202E58C600B92017 /* Release */,
			);
			defaultConfigurationIsVisible = 0;
			defaultConfigurationName = Release;
		};
		DF8E4ECD202E58C600B92017 /* Build configuration list for PBXNativeTarget "MovieApp" */ = {
			isa = XCConfigurationList;
			buildConfigurations = (
				DF8E4ECE202E58C600B92017 /* Debug */,
				DF8E4ECF202E58C600B92017 /* Release */,
			);
			defaultConfigurationIsVisible = 0;
			defaultConfigurationName = Release;
		};
		DF8E4ED0202E58C600B92017 /* Build configuration list for PBXNativeTarget "MovieAppTests" */ = {
			isa = XCConfigurationList;
			buildConfigurations = (
				DF8E4ED1202E58C600B92017 /* Debug */,
				DF8E4ED2202E58C600B92017 /* Release */,
			);
			defaultConfigurationIsVisible = 0;
			defaultConfigurationName = Release;
		};
/* End XCConfigurationList section */
	};
	rootObject = DF8E4EA8202E58C600B92017 /* Project object */;
}
